
Microsoft Visual Studio Solution File, Format Version 12.00
# Visual Studio 15
VisualStudioVersion = 15.0.28307.572
MinimumVisualStudioVersion = 10.0.40219.1
Project("{FAE04EC0-301F-11D3-BF4B-00C04F79EFBC}") = "SteeltoeExample001", "SteeltoeExample001\SteeltoeExample001.csproj", "{ACD02AA0-00B9-426E-A8FC-1DBA69878E4E}"
EndProject
Global
	GlobalSection(SolutionConfigurationPlatforms) = preSolution
		Debug|Any CPU = Debug|Any CPU
		Release|Any CPU = Release|Any CPU
	EndGlobalSection
	GlobalSection(ProjectConfigurationPlatforms) = postSolution
		{ACD02AA0-00B9-426E-A8FC-1DBA69878E4E}.Debug|Any CPU.ActiveCfg = Debug|Any CPU
		{ACD02AA0-00B9-426E-A8FC-1DBA69878E4E}.Debug|Any CPU.Build.0 = Debug|Any CPU
		{ACD02AA0-00B9-426E-A8FC-1DBA69878E4E}.Release|Any CPU.ActiveCfg = Release|Any CPU
		{ACD02AA0-00B9-426E-A8FC-1DBA69878E4E}.Release|Any CPU.Build.0 = Release|Any CPU
	EndGlobalSection
	GlobalSection(SolutionProperties) = preSolution
		HideSolutionNode = FALSE
	EndGlobalSection
	GlobalSection(ExtensibilityGlobals) = postSolution
		SolutionGuid = {943F7697-CE03-4F77-8726-54AE0F708C83}
	EndGlobalSection
EndGlobal
